
Microsoft Visual Studio Solution File, Format Version 12.00
# Visual Studio Version 16
VisualStudioVersion = 16.0.30204.135
MinimumVisualStudioVersion = 10.0.40219.1
Project("{FAE04EC0-301F-11D3-BF4B-00C04F79EFBC}") = "Nodes.Common", "Nodes.Common\Nodes.Common.csproj", "{6B99BBEC-E3F3-4A27-B2C6-665F4ECD837F}"
EndProject
Project("{2150E333-8FDC-42A3-9474-1A3956D46DE8}") = ".nuget", ".nuget", "{E90894F2-D92F-43B8-9D7A-4D497642A6E1}"
	ProjectSection(SolutionItems) = preProject
		.nuget\packages.config = .nuget\packages.config
	EndProjectSection
EndProject
Project("{FAE04EC0-301F-11D3-BF4B-00C04F79EFBC}") = "Nodes.Pathing", "Nodes.Pathing\Nodes.Pathing.csproj", "{6D4C9826-50BC-4047-AB5E-F9BB038E10C2}"
EndProject
Global
	GlobalSection(SolutionConfigurationPlatforms) = preSolution
		Debug|Any CPU = Debug|Any CPU
		Debug|x64 = Debug|x64
		Release|Any CPU = Release|Any CPU
		Release|x64 = Release|x64
	EndGlobalSection
	GlobalSection(ProjectConfigurationPlatforms) = postSolution
		{6B99BBEC-E3F3-4A27-B2C6-665F4ECD837F}.Debug|Any CPU.ActiveCfg = Debug|Any CPU
		{6B99BBEC-E3F3-4A27-B2C6-665F4ECD837F}.Debug|Any CPU.Build.0 = Debug|Any CPU
		{6B99BBEC-E3F3-4A27-B2C6-665F4ECD837F}.Debug|x64.ActiveCfg = Debug|Any CPU
		{6B99BBEC-E3F3-4A27-B2C6-665F4ECD837F}.Debug|x64.Build.0 = Debug|Any CPU
		{6B99BBEC-E3F3-4A27-B2C6-665F4ECD837F}.Release|Any CPU.ActiveCfg = Release|Any CPU
		{6B99BBEC-E3F3-4A27-B2C6-665F4ECD837F}.Release|Any CPU.Build.0 = Release|Any CPU
		{6B99BBEC-E3F3-4A27-B2C6-665F4ECD837F}.Release|x64.ActiveCfg = Release|Any CPU
		{6B99BBEC-E3F3-4A27-B2C6-665F4ECD837F}.Release|x64.Build.0 = Release|Any CPU
		{6D4C9826-50BC-4047-AB5E-F9BB038E10C2}.Debug|Any CPU.ActiveCfg = Debug|Any CPU
		{6D4C9826-50BC-4047-AB5E-F9BB038E10C2}.Debug|Any CPU.Build.0 = Debug|Any CPU
		{6D4C9826-50BC-4047-AB5E-F9BB038E10C2}.Debug|x64.ActiveCfg = Debug|x64
		{6D4C9826-50BC-4047-AB5E-F9BB038E10C2}.Debug|x64.Build.0 = Debug|x64
		{6D4C9826-50BC-4047-AB5E-F9BB038E10C2}.Release|Any CPU.ActiveCfg = Release|Any CPU
		{6D4C9826-50BC-4047-AB5E-F9BB038E10C2}.Release|Any CPU.Build.0 = Release|Any CPU
		{6D4C9826-50BC-4047-AB5E-F9BB038E10C2}.Release|x64.ActiveCfg = Release|x64
		{6D4C9826-50BC-4047-AB5E-F9BB038E10C2}.Release|x64.Build.0 = Release|x64
	EndGlobalSection
	GlobalSection(SolutionProperties) = preSolution
		HideSolutionNode = FALSE
	EndGlobalSection
	GlobalSection(ExtensibilityGlobals) = postSolution
		SolutionGuid = {D6B935B9-5381-4B41-9BA1-8A4371FCFA0A}
	EndGlobalSection
EndGlobal
